
Microsoft Visual Studio Solution File, Format Version 12.00
# Visual Studio Version 17
VisualStudioVersion = 17.5.002.0
MinimumVisualStudioVersion = 10.0.40219.1
Project("{9A19103F-16F7-4668-BE54-9A1E7A4F7556}") = "EfCoreSqliteSpike", "EfCoreSqliteSpike.csproj", "{C7BE240A-C1D1-4D28-BF87-9E6348C405C1}"
EndProject
Global
	GlobalSection(SolutionConfigurationPlatforms) = preSolution
		Debug|Any CPU = Debug|Any CPU
		Release|Any CPU = Release|Any CPU
	EndGlobalSection
	GlobalSection(ProjectConfigurationPlatforms) = postSolution
		{C7BE240A-C1D1-4D28-BF87-9E6348C405C1}.Debug|Any CPU.ActiveCfg = Debug|Any CPU
		{C7BE240A-C1D1-4D28-BF87-9E6348C405C1}.Debug|Any CPU.Build.0 = Debug|Any CPU
		{C7BE240A-C1D1-4D28-BF87-9E6348C405C1}.Release|Any CPU.ActiveCfg = Release|Any CPU
		{C7BE240A-C1D1-4D28-BF87-9E6348C405C1}.Release|Any CPU.Build.0 = Release|Any CPU
	EndGlobalSection
	GlobalSection(SolutionProperties) = preSolution
		HideSolutionNode = FALSE
	EndGlobalSection
	GlobalSection(ExtensibilityGlobals) = postSolution
		SolutionGuid = {5BCBC66F-4CDB-48DB-9ADC-19A894DA2082}
	EndGlobalSection
EndGlobal
